// !$*UTF8*$!
{
	archiveVersion = 1;
	classes = {
	};
	objectVersion = 55;
	objects = {

/* Begin PBXBuildFile section */
		199F26BA2799FC190025C942 /* AppDelegate.swift in Sources */ = {isa = PBXBuildFile; fileRef = 199F26B92799FC190025C942 /* AppDelegate.swift */; };
		199F26BC2799FC190025C942 /* SceneDelegate.swift in Sources */ = {isa = PBXBuildFile; fileRef = 199F26BB2799FC190025C942 /* SceneDelegate.swift */; };
		199F26BE2799FC190025C942 /* ViewController.swift in Sources */ = {isa = PBXBuildFile; fileRef = 199F26BD2799FC190025C942 /* ViewController.swift */; };
		199F26C12799FC190025C942 /* Main.storyboard in Resources */ = {isa = PBXBuildFile; fileRef = 199F26BF2799FC190025C942 /* Main.storyboard */; };
		199F26C32799FC1B0025C942 /* Assets.xcassets in Resources */ = {isa = PBXBuildFile; fileRef = 199F26C22799FC1B0025C942 /* Assets.xcassets */; };
		199F26C62799FC1B0025C942 /* LaunchScreen.storyboard in Resources */ = {isa = PBXBuildFile; fileRef = 199F26C42799FC1B0025C942 /* LaunchScreen.storyboard */; };
		199F26D12799FC1C0025C942 /* hellojkappTests.swift in Sources */ = {isa = PBXBuildFile; fileRef = 199F26D02799FC1C0025C942 /* hellojkappTests.swift */; };
		199F26DB2799FC1C0025C942 /* hellojkappUITests.swift in Sources */ = {isa = PBXBuildFile; fileRef = 199F26DA2799FC1C0025C942 /* hellojkappUITests.swift */; };
		199F26DD2799FC1C0025C942 /* hellojkappUITestsLaunchTests.swift in Sources */ = {isa = PBXBuildFile; fileRef = 199F26DC2799FC1C0025C942 /* hellojkappUITestsLaunchTests.swift */; };
/* End PBXBuildFile section */

/* Begin PBXContainerItemProxy section */
		199F26CD2799FC1C0025C942 /* PBXContainerItemProxy */ = {
			isa = PBXContainerItemProxy;
			containerPortal = 199F26AE2799FC180025C942 /* Project object */;
			proxyType = 1;
			remoteGlobalIDString = 199F26B52799FC180025C942;
			remoteInfo = hellojkapp;
		};
		199F26D72799FC1C0025C942 /* PBXContainerItemProxy */ = {
			isa = PBXContainerItemProxy;
			containerPortal = 199F26AE2799FC180025C942 /* Project object */;
			proxyType = 1;
			remoteGlobalIDString = 199F26B52799FC180025C942;
			remoteInfo = hellojkapp;
		};
/* End PBXContainerItemProxy section */

/* Begin PBXFileReference section */
		199F26B62799FC180025C942 /* hellojkapp.app */ = {isa = PBXFileReference; explicitFileType = wrapper.application; includeInIndex = 0; path = hellojkapp.app; sourceTree = BUILT_PRODUCTS_DIR; };
		199F26B92799FC190025C942 /* AppDelegate.swift */ = {isa = PBXFileReference; lastKnownFileType = sourcecode.swift; path = AppDelegate.swift; sourceTree = "<group>"; };
		199F26BB2799FC190025C942 /* SceneDelegate.swift */ = {isa = PBXFileReference; lastKnownFileType = sourcecode.swift; path = SceneDelegate.swift; sourceTree = "<group>"; };
		199F26BD2799FC190025C942 /* ViewController.swift */ = {isa = PBXFileReference; lastKnownFileType = sourcecode.swift; path = ViewController.swift; sourceTree = "<group>"; };
		199F26C02799FC190025C942 /* Base */ = {isa = PBXFileReference; lastKnownFileType = file.storyboard; name = Base; path = Base.lproj/Main.storyboard; sourceTree = "<group>"; };
		199F26C22799FC1B0025C942 /* Assets.xcassets */ = {isa = PBXFileReference; lastKnownFileType = folder.assetcatalog; path = Assets.xcassets; sourceTree = "<group>"; };
		199F26C52799FC1B0025C942 /* Base */ = {isa = PBXFileReference; lastKnownFileType = file.storyboard; name = Base; path = Base.lproj/LaunchScreen.storyboard; sourceTree = "<group>"; };
		199F26C72799FC1B0025C942 /* Info.plist */ = {isa = PBXFileReference; lastKnownFileType = text.plist.xml; path = Info.plist; sourceTree = "<group>"; };
		199F26CC2799FC1C0025C942 /* hellojkappTests.xctest */ = {isa = PBXFileReference; explicitFileType = wrapper.cfbundle; includeInIndex = 0; path = hellojkappTests.xctest; sourceTree = BUILT_PRODUCTS_DIR; };
		199F26D02799FC1C0025C942 /* hellojkappTests.swift */ = {isa = PBXFileReference; lastKnownFileType = sourcecode.swift; path = hellojkappTests.swift; sourceTree = "<group>"; };
		199F26D62799FC1C0025C942 /* hellojkappUITests.xctest */ = {isa = PBXFileReference; explicitFileType = wrapper.cfbundle; includeInIndex = 0; path = hellojkappUITests.xctest; sourceTree = BUILT_PRODUCTS_DIR; };
		199F26DA2799FC1C0025C942 /* hellojkappUITests.swift */ = {isa = PBXFileReference; lastKnownFileType = sourcecode.swift; path = hellojkappUITests.swift; sourceTree = "<group>"; };
		199F26DC2799FC1C0025C942 /* hellojkappUITestsLaunchTests.swift */ = {isa = PBXFileReference; lastKnownFileType = sourcecode.swift; path = hellojkappUITestsLaunchTests.swift; sourceTree = "<group>"; };
/* End PBXFileReference section */

/* Begin PBXFrameworksBuildPhase section */
		199F26B32799FC180025C942 /* Frameworks */ = {
			isa = PBXFrameworksBuildPhase;
			buildActionMask = 2147483647;
			files = (
			);
			runOnlyForDeploymentPostprocessing = 0;
		};
		199F26C92799FC1C0025C942 /* Frameworks */ = {
			isa = PBXFrameworksBuildPhase;
			buildActionMask = 2147483647;
			files = (
			);
			runOnlyForDeploymentPostprocessing = 0;
		};
		199F26D32799FC1C0025C942 /* Frameworks */ = {
			isa = PBXFrameworksBuildPhase;
			buildActionMask = 2147483647;
			files = (
			);
			runOnlyForDeploymentPostprocessing = 0;
		};
/* End PBXFrameworksBuildPhase section */

/* Begin PBXGroup section */
		199F26AD2799FC180025C942 = {
			isa = PBXGroup;
			children = (
				199F26B82799FC180025C942 /* hellojkapp */,
				199F26CF2799FC1C0025C942 /* hellojkappTests */,
				199F26D92799FC1C0025C942 /* hellojkappUITests */,
				199F26B72799FC180025C942 /* Products */,
			);
			sourceTree = "<group>";
		};
		199F26B72799FC180025C942 /* Products */ = {
			isa = PBXGroup;
			children = (
				199F26B62799FC180025C942 /* hellojkapp.app */,
				199F26CC2799FC1C0025C942 /* hellojkappTests.xctest */,
				199F26D62799FC1C0025C942 /* hellojkappUITests.xctest */,
			);
			name = Products;
			sourceTree = "<group>";
		};
		199F26B82799FC180025C942 /* hellojkapp */ = {
			isa = PBXGroup;
			children = (
				199F26B92799FC190025C942 /* AppDelegate.swift */,
				199F26BB2799FC190025C942 /* SceneDelegate.swift */,
				199F26BD2799FC190025C942 /* ViewController.swift */,
				199F26BF2799FC190025C942 /* Main.storyboard */,
				199F26C22799FC1B0025C942 /* Assets.xcassets */,
				199F26C42799FC1B0025C942 /* LaunchScreen.storyboard */,
				199F26C72799FC1B0025C942 /* Info.plist */,
			);
			path = hellojkapp;
			sourceTree = "<group>";
		};
		199F26CF2799FC1C0025C942 /* hellojkappTests */ = {
			isa = PBXGroup;
			children = (
				199F26D02799FC1C0025C942 /* hellojkappTests.swift */,
			);
			path = hellojkappTests;
			sourceTree = "<group>";
		};
		199F26D92799FC1C0025C942 /* hellojkappUITests */ = {
			isa = PBXGroup;
			children = (
				199F26DA2799FC1C0025C942 /* hellojkappUITests.swift */,
				199F26DC2799FC1C0025C942 /* hellojkappUITestsLaunchTests.swift */,
			);
			path = hellojkappUITests;
			sourceTree = "<group>";
		};
/* End PBXGroup section */

/* Begin PBXNativeTarget section */
		199F26B52799FC180025C942 /* hellojkapp */ = {
			isa = PBXNativeTarget;
			buildConfigurationList = 199F26E02799FC1C0025C942 /* Build configuration list for PBXNativeTarget "hellojkapp" */;
			buildPhases = (
				199F26B22799FC180025C942 /* Sources */,
				199F26B32799FC180025C942 /* Frameworks */,
				199F26B42799FC180025C942 /* Resources */,
			);
			buildRules = (
			);
			dependencies = (
			);
			name = hellojkapp;
			productName = hellojkapp;
			productReference = 199F26B62799FC180025C942 /* hellojkapp.app */;
			productType = "com.apple.product-type.application";
		};
		199F26CB2799FC1C0025C942 /* hellojkappTests */ = {
			isa = PBXNativeTarget;
			buildConfigurationList = 199F26E32799FC1C0025C942 /* Build configuration list for PBXNativeTarget "hellojkappTests" */;
			buildPhases = (
				199F26C82799FC1C0025C942 /* Sources */,
				199F26C92799FC1C0025C942 /* Frameworks */,
				199F26CA2799FC1C0025C942 /* Resources */,
			);
			buildRules = (
			);
			dependencies = (
				199F26CE2799FC1C0025C942 /* PBXTargetDependency */,
			);
			name = hellojkappTests;
			productName = hellojkappTests;
			productReference = 199F26CC2799FC1C0025C942 /* hellojkappTests.xctest */;
			productType = "com.apple.product-type.bundle.unit-test";
		};
		199F26D52799FC1C0025C942 /* hellojkappUITests */ = {
			isa = PBXNativeTarget;
			buildConfigurationList = 199F26E62799FC1C0025C942 /* Build configuration list for PBXNativeTarget "hellojkappUITests" */;
			buildPhases = (
				199F26D22799FC1C0025C942 /* Sources */,
				199F26D32799FC1C0025C942 /* Frameworks */,
				199F26D42799FC1C0025C942 /* Resources */,
			);
			buildRules = (
			);
			dependencies = (
				199F26D82799FC1C0025C942 /* PBXTargetDependency */,
			);
			name = hellojkappUITests;
			productName = hellojkappUITests;
			productReference = 199F26D62799FC1C0025C942 /* hellojkappUITests.xctest */;
			productType = "com.apple.product-type.bundle.ui-testing";
		};
/* End PBXNativeTarget section */

/* Begin PBXProject section */
		199F26AE2799FC180025C942 /* Project object */ = {
			isa = PBXProject;
			attributes = {
				BuildIndependentTargetsInParallel = 1;
				LastSwiftUpdateCheck = 1320;
				LastUpgradeCheck = 1320;
				TargetAttributes = {
					199F26B52799FC180025C942 = {
						CreatedOnToolsVersion = 13.2.1;
					};
					199F26CB2799FC1C0025C942 = {
						CreatedOnToolsVersion = 13.2.1;
						TestTargetID = 199F26B52799FC180025C942;
					};
					199F26D52799FC1C0025C942 = {
						CreatedOnToolsVersion = 13.2.1;
						TestTargetID = 199F26B52799FC180025C942;
					};
				};
			};
			buildConfigurationList = 199F26B12799FC180025C942 /* Build configuration list for PBXProject "hellojkapp" */;
			compatibilityVersion = "Xcode 13.0";
			developmentRegion = en;
			hasScannedForEncodings = 0;
			knownRegions = (
				en,
				Base,
			);
			mainGroup = 199F26AD2799FC180025C942;
			productRefGroup = 199F26B72799FC180025C942 /* Products */;
			projectDirPath = "";
			projectRoot = "";
			targets = (
				199F26B52799FC180025C942 /* hellojkapp */,
				199F26CB2799FC1C0025C942 /* hellojkappTests */,
				199F26D52799FC1C0025C942 /* hellojkappUITests */,
			);
		};
/* End PBXProject section */

/* Begin PBXResourcesBuildPhase section */
		199F26B42799FC180025C942 /* Resources */ = {
			isa = PBXResourcesBuildPhase;
			buildActionMask = 2147483647;
			files = (
				199F26C62799FC1B0025C942 /* LaunchScreen.storyboard in Resources */,
				199F26C32799FC1B0025C942 /* Assets.xcassets in Resources */,
				199F26C12799FC190025C942 /* Main.storyboard in Resources */,
			);
			runOnlyForDeploymentPostprocessing = 0;
		};
		199F26CA2799FC1C0025C942 /* Resources */ = {
			isa = PBXResourcesBuildPhase;
			buildActionMask = 2147483647;
			files = (
			);
			runOnlyForDeploymentPostprocessing = 0;
		};
		199F26D42799FC1C0025C942 /* Resources */ = {
			isa = PBXResourcesBuildPhase;
			buildActionMask = 2147483647;
			files = (
			);
			runOnlyForDeploymentPostprocessing = 0;
		};
/* End PBXResourcesBuildPhase section */

/* Begin PBXSourcesBuildPhase section */
		199F26B22799FC180025C942 /* Sources */ = {
			isa = PBXSourcesBuildPhase;
			buildActionMask = 2147483647;
			files = (
				199F26BE2799FC190025C942 /* ViewController.swift in Sources */,
				199F26BA2799FC190025C942 /* AppDelegate.swift in Sources */,
				199F26BC2799FC190025C942 /* SceneDelegate.swift in Sources */,
			);
			runOnlyForDeploymentPostprocessing = 0;
		};
		199F26C82799FC1C0025C942 /* Sources */ = {
			isa = PBXSourcesBuildPhase;
			buildActionMask = 2147483647;
			files = (
				199F26D12799FC1C0025C942 /* hellojkappTests.swift in Sources */,
			);
			runOnlyForDeploymentPostprocessing = 0;
		};
		199F26D22799FC1C0025C942 /* Sources */ = {
			isa = PBXSourcesBuildPhase;
			buildActionMask = 2147483647;
			files = (
				199F26DD2799FC1C0025C942 /* hellojkappUITestsLaunchTests.swift in Sources */,
				199F26DB2799FC1C0025C942 /* hellojkappUITests.swift in Sources */,
			);
			runOnlyForDeploymentPostprocessing = 0;
		};
/* End PBXSourcesBuildPhase section */

/* Begin PBXTargetDependency section */
		199F26CE2799FC1C0025C942 /* PBXTargetDependency */ = {
			isa = PBXTargetDependency;
			target = 199F26B52799FC180025C942 /* hellojkapp */;
			targetProxy = 199F26CD2799FC1C0025C942 /* PBXContainerItemProxy */;
		};
		199F26D82799FC1C0025C942 /* PBXTargetDependency */ = {
			isa = PBXTargetDependency;
			target = 199F26B52799FC180025C942 /* hellojkapp */;
			targetProxy = 199F26D72799FC1C0025C942 /* PBXContainerItemProxy */;
		};
/* End PBXTargetDependency section */

/* Begin PBXVariantGroup section */
		199F26BF2799FC190025C942 /* Main.storyboard */ = {
			isa = PBXVariantGroup;
			children = (
				199F26C02799FC190025C942 /* Base */,
			);
			name = Main.storyboard;
			sourceTree = "<group>";
		};
		199F26C42799FC1B0025C942 /* LaunchScreen.storyboard */ = {
			isa = PBXVariantGroup;
			children = (
				199F26C52799FC1B0025C942 /* Base */,
			);
			name = LaunchScreen.storyboard;
			sourceTree = "<group>";
		};
/* End PBXVariantGroup section */

/* Begin XCBuildConfiguration section */
		199F26DE2799FC1C0025C942 /* Debug */ = {
			isa = XCBuildConfiguration;
			buildSettings = {
				ALWAYS_SEARCH_USER_PATHS = NO;
				CLANG_ANALYZER_NONNULL = YES;
				CLANG_ANALYZER_NUMBER_OBJECT_CONVERSION = YES_AGGRESSIVE;
				CLANG_CXX_LANGUAGE_STANDARD = "gnu++17";
				CLANG_CXX_LIBRARY = "libc++";
				CLANG_ENABLE_MODULES = YES;
				CLANG_ENABLE_OBJC_ARC = YES;
				CLANG_ENABLE_OBJC_WEAK = YES;
				CLANG_WARN_BLOCK_CAPTURE_AUTORELEASING = YES;
				CLANG_WARN_BOOL_CONVERSION = YES;
				CLANG_WARN_COMMA = YES;
				CLANG_WARN_CONSTANT_CONVERSION = YES;
				CLANG_WARN_DEPRECATED_OBJC_IMPLEMENTATIONS = YES;
				CLANG_WARN_DIRECT_OBJC_ISA_USAGE = YES_ERROR;
				CLANG_WARN_DOCUMENTATION_COMMENTS = YES;
				CLANG_WARN_EMPTY_BODY = YES;
				CLANG_WARN_ENUM_CONVERSION = YES;
				CLANG_WARN_INFINITE_RECURSION = YES;
				CLANG_WARN_INT_CONVERSION = YES;
				CLANG_WARN_NON_LITERAL_NULL_CONVERSION = YES;
				CLANG_WARN_OBJC_IMPLICIT_RETAIN_SELF = YES;
				CLANG_WARN_OBJC_LITERAL_CONVERSION = YES;
				CLANG_WARN_OBJC_ROOT_CLASS = YES_ERROR;
				CLANG_WARN_QUOTED_INCLUDE_IN_FRAMEWORK_HEADER = YES;
				CLANG_WARN_RANGE_LOOP_ANALYSIS = YES;
				CLANG_WARN_STRICT_PROTOTYPES = YES;
				CLANG_WARN_SUSPICIOUS_MOVE = YES;
				CLANG_WARN_UNGUARDED_AVAILABILITY = YES_AGGRESSIVE;
				CLANG_WARN_UNREACHABLE_CODE = YES;
				CLANG_WARN__DUPLICATE_METHOD_MATCH = YES;
				COPY_PHASE_STRIP = NO;
				DEBUG_INFORMATION_FORMAT = dwarf;
				ENABLE_STRICT_OBJC_MSGSEND = YES;
				ENABLE_TESTABILITY = YES;
				GCC_C_LANGUAGE_STANDARD = gnu11;
				GCC_DYNAMIC_NO_PIC = NO;
				GCC_NO_COMMON_BLOCKS = YES;
				GCC_OPTIMIZATION_LEVEL = 0;
				GCC_PREPROCESSOR_DEFINITIONS = (
					"DEBUG=1",
					"$(inherited)",
				);
				GCC_WARN_64_TO_32_BIT_CONVERSION = YES;
				GCC_WARN_ABOUT_RETURN_TYPE = YES_ERROR;
				GCC_WARN_UNDECLARED_SELECTOR = YES;
				GCC_WARN_UNINITIALIZED_AUTOS = YES_AGGRESSIVE;
				GCC_WARN_UNUSED_FUNCTION = YES;
				GCC_WARN_UNUSED_VARIABLE = YES;
				IPHONEOS_DEPLOYMENT_TARGET = 15.2;
				MTL_ENABLE_DEBUG_INFO = INCLUDE_SOURCE;
				MTL_FAST_MATH = YES;
				ONLY_ACTIVE_ARCH = YES;
				SDKROOT = iphoneos;
				SWIFT_ACTIVE_COMPILATION_CONDITIONS = DEBUG;
				SWIFT_OPTIMIZATION_LEVEL = "-Onone";
			};
			name = Debug;
		};
		199F26DF2799FC1C0025C942 /* Release */ = {
			isa = XCBuildConfiguration;
			buildSettings = {
				ALWAYS_SEARCH_USER_PATHS = NO;
				CLANG_ANALYZER_NONNULL = YES;
				CLANG_ANALYZER_NUMBER_OBJECT_CONVERSION = YES_AGGRESSIVE;
				CLANG_CXX_LANGUAGE_STANDARD = "gnu++17";
				CLANG_CXX_LIBRARY = "libc++";
				CLANG_ENABLE_MODULES = YES;
				CLANG_ENABLE_OBJC_ARC = YES;
				CLANG_ENABLE_OBJC_WEAK = YES;
				CLANG_WARN_BLOCK_CAPTURE_AUTORELEASING = YES;
				CLANG_WARN_BOOL_CONVERSION = YES;
				CLANG_WARN_COMMA = YES;
				CLANG_WARN_CONSTANT_CONVERSION = YES;
				CLANG_WARN_DEPRECATED_OBJC_IMPLEMENTATIONS = YES;
				CLANG_WARN_DIRECT_OBJC_ISA_USAGE = YES_ERROR;
				CLANG_WARN_DOCUMENTATION_COMMENTS = YES;
				CLANG_WARN_EMPTY_BODY = YES;
				CLANG_WARN_ENUM_CONVERSION = YES;
				CLANG_WARN_INFINITE_RECURSION = YES;
				CLANG_WARN_INT_CONVERSION = YES;
				CLANG_WARN_NON_LITERAL_NULL_CONVERSION = YES;
				CLANG_WARN_OBJC_IMPLICIT_RETAIN_SELF = YES;
				CLANG_WARN_OBJC_LITERAL_CONVERSION = YES;
				CLANG_WARN_OBJC_ROOT_CLASS = YES_ERROR;
				CLANG_WARN_QUOTED_INCLUDE_IN_FRAMEWORK_HEADER = YES;
				CLANG_WARN_RANGE_LOOP_ANALYSIS = YES;
				CLANG_WARN_STRICT_PROTOTYPES = YES;
				CLANG_WARN_SUSPICIOUS_MOVE = YES;
				CLANG_WARN_UNGUARDED_AVAILABILITY = YES_AGGRESSIVE;
				CLANG_WARN_UNREACHABLE_CODE = YES;
				CLANG_WARN__DUPLICATE_METHOD_MATCH = YES;
				COPY_PHASE_STRIP = NO;
				DEBUG_INFORMATION_FORMAT = "dwarf-with-dsym";
				ENABLE_NS_ASSERTIONS = NO;
				ENABLE_STRICT_OBJC_MSGSEND = YES;
				GCC_C_LANGUAGE_STANDARD = gnu11;
				GCC_NO_COMMON_BLOCKS = YES;
				GCC_WARN_64_TO_32_BIT_CONVERSION = YES;
				GCC_WARN_ABOUT_RETURN_TYPE = YES_ERROR;
				GCC_WARN_UNDECLARED_SELECTOR = YES;
				GCC_WARN_UNINITIALIZED_AUTOS = YES_AGGRESSIVE;
				GCC_WARN_UNUSED_FUNCTION = YES;
				GCC_WARN_UNUSED_VARIABLE = YES;
				IPHONEOS_DEPLOYMENT_TARGET = 15.2;
				MTL_ENABLE_DEBUG_INFO = NO;
				MTL_FAST_MATH = YES;
				SDKROOT = iphoneos;
				SWIFT_COMPILATION_MODE = wholemodule;
				SWIFT_OPTIMIZATION_LEVEL = "-O";
				VALIDATE_PRODUCT = YES;
			};
			name = Release;
		};
		199F26E12799FC1C0025C942 /* Debug */ = {
			isa = XCBuildConfiguration;
			buildSettings = {
				ASSETCATALOG_COMPILER_APPICON_NAME = AppIcon;
				ASSETCATALOG_COMPILER_GLOBAL_ACCENT_COLOR_NAME = AccentColor;
				CODE_SIGN_STYLE = Automatic;
				CURRENT_PROJECT_VERSION = 1;
				GENERATE_INFOPLIST_FILE = YES;
				INFOPLIST_FILE = hellojkapp/Info.plist;
				INFOPLIST_KEY_CFBundleDisplayName = hellojkapp;
				INFOPLIST_KEY_UIApplicationSupportsIndirectInputEvents = YES;
				INFOPLIST_KEY_UILaunchStoryboardName = LaunchScreen;
				INFOPLIST_KEY_UIMainStoryboardFile = Main;
				INFOPLIST_KEY_UISupportedInterfaceOrientations_iPad = "UIInterfaceOrientationPortrait UIInterfaceOrientationPortraitUpsideDown UIInterfaceOrientationLandscapeLeft UIInterfaceOrientationLandscapeRight";
				INFOPLIST_KEY_UISupportedInterfaceOrientations_iPhone = "UIInterfaceOrientationPortrait UIInterfaceOrientationLandscapeLeft UIInterfaceOrientationLandscapeRight";
				LD_RUNPATH_SEARCH_PATHS = (
					"$(inherited)",
					"@executable_path/Frameworks",
				);
				MARKETING_VERSION = 1.0;
				PRODUCT_BUNDLE_IDENTIFIER = nwms.hellojkapp;
				PRODUCT_NAME = "$(TARGET_NAME)";
				SWIFT_EMIT_LOC_STRINGS = YES;
				SWIFT_VERSION = 5.0;
				TARGETED_DEVICE_FAMILY = "1,2";
			};
			name = Debug;
		};
		199F26E22799FC1C0025C942 /* Release */ = {
			isa = XCBuildConfiguration;
			buildSettings = {
				ASSETCATALOG_COMPILER_APPICON_NAME = AppIcon;
				ASSETCATALOG_COMPILER_GLOBAL_ACCENT_COLOR_NAME = AccentColor;
				CODE_SIGN_STYLE = Automatic;
				CURRENT_PROJECT_VERSION = 1;
				GENERATE_INFOPLIST_FILE = YES;
				INFOPLIST_FILE = hellojkapp/Info.plist;
				INFOPLIST_KEY_CFBundleDisplayName = hellojkapp;
				INFOPLIST_KEY_UIApplicationSupportsIndirectInputEvents = YES;
				INFOPLIST_KEY_UILaunchStoryboardName = LaunchScreen;
				INFOPLIST_KEY_UIMainStoryboardFile = Main;
				INFOPLIST_KEY_UISupportedInterfaceOrientations_iPad = "UIInterfaceOrientationPortrait UIInterfaceOrientationPortraitUpsideDown UIInterfaceOrientationLandscapeLeft UIInterfaceOrientationLandscapeRight";
				INFOPLIST_KEY_UISupportedInterfaceOrientations_iPhone = "UIInterfaceOrientationPortrait UIInterfaceOrientationLandscapeLeft UIInterfaceOrientationLandscapeRight";
				LD_RUNPATH_SEARCH_PATHS = (
					"$(inherited)",
					"@executable_path/Frameworks",
				);
				MARKETING_VERSION = 1.0;
				PRODUCT_BUNDLE_IDENTIFIER = nwms.hellojkapp;
				PRODUCT_NAME = "$(TARGET_NAME)";
				SWIFT_EMIT_LOC_STRINGS = YES;
				SWIFT_VERSION = 5.0;
				TARGETED_DEVICE_FAMILY = "1,2";
			};
			name = Release;
		};
		199F26E42799FC1C0025C942 /* Debug */ = {
			isa = XCBuildConfiguration;
			buildSettings = {
				ALWAYS_EMBED_SWIFT_STANDARD_LIBRARIES = YES;
				BUNDLE_LOADER = "$(TEST_HOST)";
				CODE_SIGN_STYLE = Automatic;
				CURRENT_PROJECT_VERSION = 1;
				GENERATE_INFOPLIST_FILE = YES;
				IPHONEOS_DEPLOYMENT_TARGET = 15.2;
				MARKETING_VERSION = 1.0;
				PRODUCT_BUNDLE_IDENTIFIER = nwms.hellojkappTests;
				PRODUCT_NAME = "$(TARGET_NAME)";
				SWIFT_EMIT_LOC_STRINGS = NO;
				SWIFT_VERSION = 5.0;
				TARGETED_DEVICE_FAMILY = "1,2";
				TEST_HOST = "$(BUILT_PRODUCTS_DIR)/hellojkapp.app/hellojkapp";
			};
			name = Debug;
		};
		199F26E52799FC1C0025C942 /* Release */ = {
			isa = XCBuildConfiguration;
			buildSettings = {
				ALWAYS_EMBED_SWIFT_STANDARD_LIBRARIES = YES;
				BUNDLE_LOADER = "$(TEST_HOST)";
				CODE_SIGN_STYLE = Automatic;
				CURRENT_PROJECT_VERSION = 1;
				GENERATE_INFOPLIST_FILE = YES;
				IPHONEOS_DEPLOYMENT_TARGET = 15.2;
				MARKETING_VERSION = 1.0;
				PRODUCT_BUNDLE_IDENTIFIER = nwms.hellojkappTests;
				PRODUCT_NAME = "$(TARGET_NAME)";
				SWIFT_EMIT_LOC_STRINGS = NO;
				SWIFT_VERSION = 5.0;
				TARGETED_DEVICE_FAMILY = "1,2";
				TEST_HOST = "$(BUILT_PRODUCTS_DIR)/hellojkapp.app/hellojkapp";
			};
			name = Release;
		};
		199F26E72799FC1C0025C942 /* Debug */ = {
			isa = XCBuildConfiguration;
			buildSettings = {
				ALWAYS_EMBED_SWIFT_STANDARD_LIBRARIES = YES;
				CODE_SIGN_STYLE = Automatic;
				CURRENT_PROJECT_VERSION = 1;
				GENERATE_INFOPLIST_FILE = YES;
				MARKETING_VERSION = 1.0;
				PRODUCT_BUNDLE_IDENTIFIER = nwms.hellojkappUITests;
				PRODUCT_NAME = "$(TARGET_NAME)";
				SWIFT_EMIT_LOC_STRINGS = NO;
				SWIFT_VERSION = 5.0;
				TARGETED_DEVICE_FAMILY = "1,2";
				TEST_TARGET_NAME = hellojkapp;
			};
			name = Debug;
		};
		199F26E82799FC1C0025C942 /* Release */ = {
			isa = XCBuildConfiguration;
			buildSettings = {
				ALWAYS_EMBED_SWIFT_STANDARD_LIBRARIES = YES;
				CODE_SIGN_STYLE = Automatic;
				CURRENT_PROJECT_VERSION = 1;
				GENERATE_INFOPLIST_FILE = YES;
				MARKETING_VERSION = 1.0;
				PRODUCT_BUNDLE_IDENTIFIER = nwms.hellojkappUITests;
				PRODUCT_NAME = "$(TARGET_NAME)";
				SWIFT_EMIT_LOC_STRINGS = NO;
				SWIFT_VERSION = 5.0;
				TARGETED_DEVICE_FAMILY = "1,2";
				TEST_TARGET_NAME = hellojkapp;
			};
			name = Release;
		};
/* End XCBuildConfiguration section */

/* Begin XCConfigurationList section */
		199F26B12799FC180025C942 /* Build configuration list for PBXProject "hellojkapp" */ = {
			isa = XCConfigurationList;
			buildConfigurations = (
				199F26DE2799FC1C0025C942 /* Debug */,
				199F26DF2799FC1C0025C942 /* Release */,
			);
			defaultConfigurationIsVisible = 0;
			defaultConfigurationName = Release;
		};
		199F26E02799FC1C0025C942 /* Build configuration list for PBXNativeTarget "hellojkapp" */ = {
			isa = XCConfigurationList;
			buildConfigurations = (
				199F26E12799FC1C0025C942 /* Debug */,
				199F26E22799FC1C0025C942 /* Release */,
			);
			defaultConfigurationIsVisible = 0;
			defaultConfigurationName = Release;
		};
		199F26E32799FC1C0025C942 /* Build configuration list for PBXNativeTarget "hellojkappTests" */ = {
			isa = XCConfigurationList;
			buildConfigurations = (
				199F26E42799FC1C0025C942 /* Debug */,
				199F26E52799FC1C0025C942 /* Release */,
			);
			defaultConfigurationIsVisible = 0;
			defaultConfigurationName = Release;
		};
		199F26E62799FC1C0025C942 /* Build configuration list for PBXNativeTarget "hellojkappUITests" */ = {
			isa = XCConfigurationList;
			buildConfigurations = (
				199F26E72799FC1C0025C942 /* Debug */,
				199F26E82799FC1C0025C942 /* Release */,
			);
			defaultConfigurationIsVisible = 0;
			defaultConfigurationName = Release;
		};
/* End XCConfigurationList section */
	};
	rootObject = 199F26AE2799FC180025C942 /* Project object */;
}
